<?xml version="1.0" encoding="utf-8"?>
<Project ToolsVersion="4.0" xmlns="http://schemas.microsoft.com/developer/msbuild/2003">
  <ItemGroup>
    <Filter Include="소스 파일">
      <UniqueIdentifier>{4FC737F1-C7A5-4376-A066-2A32D752A2FF}</UniqueIdentifier>
      <Extensions>cpp;c;cc;cxx;def;odl;idl;hpj;bat;asm;asmx</Extensions>
    </Filter>
    <Filter Include="헤더 파일">
      <UniqueIdentifier>{93995380-89BD-4b04-88EB-625FBE52EBFB}</UniqueIdentifier>
      <Extensions>h;hh;hpp;hxx;hm;inl;inc;ipp;xsd</Extensions>
    </Filter>
    <Filter Include="리소스 파일">
      <UniqueIdentifier>{67DA6AB6-F800-4c08-8B7A-83BB121AAD01}</UniqueIdentifier>
      <Extensions>rc;ico;cur;bmp;dlg;rc2;rct;bin;rgs;gif;jpg;jpeg;jpe;resx;tiff;tif;png;wav;mfcribbon-ms</Extensions>
    </Filter>
  </ItemGroup>
  <ItemGroup>
    <ClInclude Include="KIRO.h">
      <Filter>헤더 파일</Filter>
    </ClInclude>
    <ClInclude Include="KIRODlg.h">
      <Filter>헤더 파일</Filter>
    </ClInclude>
    <ClInclude Include="framework.h">
      <Filter>헤더 파일</Filter>
    </ClInclude>
    <ClInclude Include="targetver.h">
      <Filter>헤더 파일</Filter>
    </ClInclude>
    <ClInclude Include="Resource.h">
      <Filter>헤더 파일</Filter>
    </ClInclude>
    <ClInclude Include="pch.h">
      <Filter>헤더 파일</Filter>
    </ClInclude>
    <ClInclude Include="defines.h">
      <Filter>헤더 파일</Filter>
    </ClInclude>
    <ClInclude Include="Monitoring.h">
      <Filter>헤더 파일</Filter>
    </ClInclude>
    <ClInclude Include="TabDlg1.h">
      <Filter>헤더 파일</Filter>
    </ClInclude>
    <ClInclude Include="TabDlg2.h">
      <Filter>헤더 파일</Filter>
    </ClInclude>
    <ClInclude Include="AKinect_Monitoring.h">
      <Filter>헤더 파일</Filter>
    </ClInclude>
    <ClInclude Include="Azure_Kinect.h">
      <Filter>헤더 파일</Filter>
    </ClInclude>
    <ClInclude Include="Patient_Info.h">
      <Filter>헤더 파일</Filter>
    </ClInclude>
    <ClInclude Include="VideoTagging.h">
      <Filter>헤더 파일</Filter>
    </ClInclude>
    <ClInclude Include="mkv_controller.h">
      <Filter>헤더 파일</Filter>
    </ClInclude>
    <ClInclude Include="axismediacontrol.h">
      <Filter>헤더 파일</Filter>
    </ClInclude>
    <ClInclude Include="BDV.h">
      <Filter>헤더 파일</Filter>
    </ClInclude>
    <ClInclude Include="ADOS.h">
      <Filter>헤더 파일</Filter>
    </ClInclude>
    <ClInclude Include="pa_asio.h">
      <Filter>헤더 파일</Filter>
    </ClInclude>
    <ClInclude Include="pa_memorybarrier.h">
      <Filter>헤더 파일</Filter>
    </ClInclude>
    <ClInclude Include="pa_ringbuffer.h">
      <Filter>헤더 파일</Filter>
    </ClInclude>
    <ClInclude Include="pa_util.h">
      <Filter>헤더 파일</Filter>
    </ClInclude>
    <ClInclude Include="pa_x86_plain_converters.h">
      <Filter>헤더 파일</Filter>
    </ClInclude>
    <ClInclude Include="portaudio.h">
      <Filter>헤더 파일</Filter>
    </ClInclude>
    <ClInclude Include="VideoTag.h">
      <Filter>헤더 파일</Filter>
    </ClInclude>
    <ClInclude Include="XLAutomation.h">
      <Filter>헤더 파일</Filter>
    </ClInclude>
    <ClInclude Include="XLEzAutomation.h">
      <Filter>헤더 파일</Filter>
    </ClInclude>
  </ItemGroup>
  <ItemGroup>
    <ClCompile Include="KIRO.cpp">
      <Filter>소스 파일</Filter>
    </ClCompile>
    <ClCompile Include="KIRODlg.cpp">
      <Filter>소스 파일</Filter>
    </ClCompile>
    <ClCompile Include="pch.cpp">
      <Filter>소스 파일</Filter>
    </ClCompile>
    <ClCompile Include="Monitoring.cpp">
      <Filter>소스 파일</Filter>
    </ClCompile>
    <ClCompile Include="TabDlg1.cpp">
      <Filter>소스 파일</Filter>
    </ClCompile>
    <ClCompile Include="TabDlg2.cpp">
      <Filter>소스 파일</Filter>
    </ClCompile>
    <ClCompile Include="AKinect_Monitoring.cpp">
      <Filter>소스 파일</Filter>
    </ClCompile>
    <ClCompile Include="Azure_kinect.cpp">
      <Filter>소스 파일</Filter>
    </ClCompile>
    <ClCompile Include="Patient_Info.cpp">
      <Filter>소스 파일</Filter>
    </ClCompile>
    <ClCompile Include="VideoTagging.cpp">
      <Filter>소스 파일</Filter>
    </ClCompile>
    <ClCompile Include="mkv_controller.cpp">
      <Filter>소스 파일</Filter>
    </ClCompile>
    <ClCompile Include="axismediacontrol.cpp">
      <Filter>소스 파일</Filter>
    </ClCompile>
    <ClCompile Include="BDV.cpp">
      <Filter>소스 파일</Filter>
    </ClCompile>
    <ClCompile Include="ADOS.cpp">
      <Filter>소스 파일</Filter>
    </ClCompile>
    <ClCompile Include="pa_ringbuffer.c">
      <Filter>소스 파일</Filter>
    </ClCompile>
    <ClCompile Include="pa_win_util.c">
      <Filter>소스 파일</Filter>
    </ClCompile>
    <ClCompile Include="VideoTag.cpp">
      <Filter>소스 파일</Filter>
    </ClCompile>
    <ClCompile Include="XLAutomation.cpp">
      <Filter>소스 파일</Filter>
    </ClCompile>
    <ClCompile Include="XLEzAutomation.cpp">
      <Filter>소스 파일</Filter>
    </ClCompile>
  </ItemGroup>
  <ItemGroup>
    <ResourceCompile Include="KIRO.rc">
      <Filter>리소스 파일</Filter>
    </ResourceCompile>
  </ItemGroup>
  <ItemGroup>
    <None Include="res\KIRO.rc2">
      <Filter>리소스 파일</Filter>
    </None>
  </ItemGroup>
  <ItemGroup>
    <Image Include="res\KIRO.ico">
      <Filter>리소스 파일</Filter>
    </Image>
  </ItemGroup>
</Project>